
Microsoft Visual Studio Solution File, Format Version 12.00
# Visual Studio Version 18
VisualStudioVersion = 18.6.11822.322 stable
MinimumVisualStudioVersion = 10.0.40219.1
Project("{FAE04EC0-301F-11D3-BF4B-00C04F79EFBC}") = "ContactManagementSystem", "ContactManagementSystem.csproj", "{A36A32E2-2AF3-F4EC-334E-F6799CA178FF}"
EndProject
Global
	GlobalSection(SolutionConfigurationPlatforms) = preSolution
		Debug|Any CPU = Debug|Any CPU
		Release|Any CPU = Release|Any CPU
	EndGlobalSection
	GlobalSection(ProjectConfigurationPlatforms) = postSolution
		{A36A32E2-2AF3-F4EC-334E-F6799CA178FF}.Debug|Any CPU.ActiveCfg = Debug|Any CPU
		{A36A32E2-2AF3-F4EC-334E-F6799CA178FF}.Debug|Any CPU.Build.0 = Debug|Any CPU
		{A36A32E2-2AF3-F4EC-334E-F6799CA178FF}.Release|Any CPU.ActiveCfg = Release|Any CPU
		{A36A32E2-2AF3-F4EC-334E-F6799CA178FF}.Release|Any CPU.Build.0 = Release|Any CPU
	EndGlobalSection
	GlobalSection(SolutionProperties) = preSolution
		HideSolutionNode = FALSE
	EndGlobalSection
	GlobalSection(ExtensibilityGlobals) = postSolution
		SolutionGuid = {B18DA8E2-8DC0-4000-B673-6F7EFDF8BD53}
	EndGlobalSection
EndGlobal
